# This file is automatically @generated by Cargo.
# It is not intended for manual editing.
[[package]]
name = "anyhow"
version = "1.0.32"
source = "registry+https://github.com/rust-lang/crates.io-index"
checksum = "6b602bfe940d21c130f3895acd65221e8a61270debe89d628b9cb4e3ccb8569b"

[[package]]
name = "degreeworks_scraper"
version = "0.1.0"
dependencies = [
 "anyhow",
 "roxmltree",
]

[[package]]
name = "roxmltree"
version = "0.13.0"
source = "registry+https://github.com/rust-lang/crates.io-index"
checksum = "17dfc6c39f846bfc7d2ec442ad12055d79608d501380789b965d22f9354451f2"
dependencies = [
 "xmlparser",
]

[[package]]
name = "xmlparser"
version = "0.13.2"
source = "registry+https://github.com/rust-lang/crates.io-index"
checksum = "52613e655f6f11f63c0fe7d1c3b5ef69e44d96df9b65dab296b441ed0e1125f5"
