# This file is automatically @generated by Cargo.
# It is not intended for manual editing.
version = 3

[[package]]
name = "bumpalo"
version = "3.6.1"
source = "registry+https://github.com/rust-lang/crates.io-index"
checksum = "63396b8a4b9de3f4fdfb320ab6080762242f66a8ef174c49d8e19b674db4cdbe"

[[package]]
name = "cfg-if"
version = "1.0.0"
source = "registry+https://github.com/rust-lang/crates.io-index"
checksum = "baf1de4339761588bc0619e3cbc0120ee582ebb74b53b4efbf79117bd2da40fd"

[[package]]
name = "console_error_panic_hook"
version = "0.1.7"
source = "registry+https://github.com/rust-lang/crates.io-index"
checksum = "a06aeb73f470f66dcdbf7223caeebb85984942f22f1adb2a088cf9668146bbbc"
dependencies = [
 "cfg-if",
 "wasm-bindgen",
]

[[package]]
name = "getrandom"
version = "0.2.3"
source = "registry+https://github.com/rust-lang/crates.io-index"
checksum = "7fcd999463524c52659517fe2cea98493cfe485d10565e7b0fb07dbba7ad2753"
dependencies = [
 "cfg-if",
 "libc",
 "wasi",
]

[[package]]
name = "js-sys"
version = "0.3.55"
source = "registry+https://github.com/rust-lang/crates.io-index"
checksum = "7cc9ffccd38c451a86bf13657df244e9c3f37493cce8e5e21e940963777acc84"
dependencies = [
 "wasm-bindgen",
]

[[package]]
name = "libc"
version = "0.2.91"
source = "registry+https://github.com/rust-lang/crates.io-index"
checksum = "8916b1f6ca17130ec6568feccee27c156ad12037880833a3b842a823236502e7"

[[package]]
name = "log"
version = "0.4.14"
source = "registry+https://github.com/rust-lang/crates.io-index"
checksum = "51b9bbe6c47d51fc3e1a9b945965946b4c44142ab8792c50835a980d362c2710"
dependencies = [
 "cfg-if",
]

[[package]]
name = "once_cell"
version = "1.18.0"
source = "registry+https://github.com/rust-lang/crates.io-index"
checksum = "dd8b5dd2ae5ed71462c540258bedcb51965123ad7e7ccf4b9a8cafaa4a63576d"

[[package]]
name = "phf"
version = "0.10.0"
source = "registry+https://github.com/rust-lang/crates.io-index"
checksum = "b9fc3db1018c4b59d7d582a739436478b6035138b6aecbce989fc91c3e98409f"
dependencies = [
 "phf_macros",
 "phf_shared",
 "proc-macro-hack",
]

[[package]]
name = "phf_generator"
version = "0.10.0"
source = "registry+https://github.com/rust-lang/crates.io-index"
checksum = "5d5285893bb5eb82e6aaf5d59ee909a06a16737a8970984dd7746ba9283498d6"
dependencies = [
 "phf_shared",
 "rand",
]

[[package]]
name = "phf_macros"
version = "0.10.0"
source = "registry+https://github.com/rust-lang/crates.io-index"
checksum = "58fdf3184dd560f160dd73922bea2d5cd6e8f064bf4b13110abd81b03697b4e0"
dependencies = [
 "phf_generator",
 "phf_shared",
 "proc-macro-hack",
 "proc-macro2",
 "quote",
 "syn 1.0.67",
]

[[package]]
name = "phf_shared"
version = "0.10.0"
source = "registry+https://github.com/rust-lang/crates.io-index"
checksum = "b6796ad771acdc0123d2a88dc428b5e38ef24456743ddb1744ed628f9815c096"
dependencies = [
 "siphasher",
]

[[package]]
name = "ppv-lite86"
version = "0.2.10"
source = "registry+https://github.com/rust-lang/crates.io-index"
checksum = "ac74c624d6b2d21f425f752262f42188365d7b8ff1aff74c82e45136510a4857"

[[package]]
name = "proc-macro-hack"
version = "0.5.19"
source = "registry+https://github.com/rust-lang/crates.io-index"
checksum = "dbf0c48bc1d91375ae5c3cd81e3722dff1abcf81a30960240640d223f59fe0e5"

[[package]]
name = "proc-macro2"
version = "1.0.63"
source = "registry+https://github.com/rust-lang/crates.io-index"
checksum = "7b368fba921b0dce7e60f5e04ec15e565b3303972b42bcfde1d0713b881959eb"
dependencies = [
 "unicode-ident",
]

[[package]]
name = "quacs-rs"
version = "0.1.0"
dependencies = [
 "console_error_panic_hook",
 "phf",
 "wasm-bindgen",
 "wasm-bindgen-test",
 "web-sys",
]

[[package]]
name = "quote"
version = "1.0.29"
source = "registry+https://github.com/rust-lang/crates.io-index"
checksum = "573015e8ab27661678357f27dc26460738fd2b6c86e46f386fde94cb5d913105"
dependencies = [
 "proc-macro2",
]

[[package]]
name = "rand"
version = "0.8.4"
source = "registry+https://github.com/rust-lang/crates.io-index"
checksum = "2e7573632e6454cf6b99d7aac4ccca54be06da05aca2ef7423d22d27d4d4bcd8"
dependencies = [
 "libc",
 "rand_chacha",
 "rand_core",
 "rand_hc",
]

[[package]]
name = "rand_chacha"
version = "0.3.1"
source = "registry+https://github.com/rust-lang/crates.io-index"
checksum = "e6c10a63a0fa32252be49d21e7709d4d4baf8d231c2dbce1eaa8141b9b127d88"
dependencies = [
 "ppv-lite86",
 "rand_core",
]

[[package]]
name = "rand_core"
version = "0.6.3"
source = "registry+https://github.com/rust-lang/crates.io-index"
checksum = "d34f1408f55294453790c48b2f1ebbb1c5b4b7563eb1f418bcfcfdbb06ebb4e7"
dependencies = [
 "getrandom",
]

[[package]]
name = "rand_hc"
version = "0.3.1"
source = "registry+https://github.com/rust-lang/crates.io-index"
checksum = "d51e9f596de227fda2ea6c84607f5558e196eeaf43c986b724ba4fb8fdf497e7"
dependencies = [
 "rand_core",
]

[[package]]
name = "scoped-tls"
version = "1.0.0"
source = "registry+https://github.com/rust-lang/crates.io-index"
checksum = "ea6a9290e3c9cf0f18145ef7ffa62d68ee0bf5fcd651017e586dc7fd5da448c2"

[[package]]
name = "siphasher"
version = "0.3.5"
source = "registry+https://github.com/rust-lang/crates.io-index"
checksum = "cbce6d4507c7e4a3962091436e56e95290cb71fa302d0d270e32130b75fbff27"

[[package]]
name = "syn"
version = "1.0.67"
source = "registry+https://github.com/rust-lang/crates.io-index"
checksum = "6498a9efc342871f91cc2d0d694c674368b4ceb40f62b65a7a08c3792935e702"
dependencies = [
 "proc-macro2",
 "quote",
 "unicode-xid",
]

[[package]]
name = "syn"
version = "2.0.23"
source = "registry+https://github.com/rust-lang/crates.io-index"
checksum = "59fb7d6d8281a51045d62b8eb3a7d1ce347b76f312af50cd3dc0af39c87c1737"
dependencies = [
 "proc-macro2",
 "quote",
 "unicode-ident",
]

[[package]]
name = "unicode-ident"
version = "1.0.9"
source = "registry+https://github.com/rust-lang/crates.io-index"
checksum = "b15811caf2415fb889178633e7724bad2509101cde276048e013b9def5e51fa0"

[[package]]
name = "unicode-xid"
version = "0.2.1"
source = "registry+https://github.com/rust-lang/crates.io-index"
checksum = "f7fe0bb3479651439c9112f72b6c505038574c9fbb575ed1bf3b797fa39dd564"

[[package]]
name = "wasi"
version = "0.10.2+wasi-snapshot-preview1"
source = "registry+https://github.com/rust-lang/crates.io-index"
checksum = "fd6fbd9a79829dd1ad0cc20627bf1ed606756a7f77edff7b66b7064f9cb327c6"

[[package]]
name = "wasm-bindgen"
version = "0.2.87"
source = "registry+https://github.com/rust-lang/crates.io-index"
checksum = "7706a72ab36d8cb1f80ffbf0e071533974a60d0a308d01a5d0375bf60499a342"
dependencies = [
 "cfg-if",
 "wasm-bindgen-macro",
]

[[package]]
name = "wasm-bindgen-backend"
version = "0.2.87"
source = "registry+https://github.com/rust-lang/crates.io-index"
checksum = "5ef2b6d3c510e9625e5fe6f509ab07d66a760f0885d858736483c32ed7809abd"
dependencies = [
 "bumpalo",
 "log",
 "once_cell",
 "proc-macro2",
 "quote",
 "syn 2.0.23",
 "wasm-bindgen-shared",
]

[[package]]
name = "wasm-bindgen-futures"
version = "0.4.28"
source = "registry+https://github.com/rust-lang/crates.io-index"
checksum = "8e8d7523cb1f2a4c96c1317ca690031b714a51cc14e05f712446691f413f5d39"
dependencies = [
 "cfg-if",
 "js-sys",
 "wasm-bindgen",
 "web-sys",
]

[[package]]
name = "wasm-bindgen-macro"
version = "0.2.87"
source = "registry+https://github.com/rust-lang/crates.io-index"
checksum = "dee495e55982a3bd48105a7b947fd2a9b4a8ae3010041b9e0faab3f9cd028f1d"
dependencies = [
 "quote",
 "wasm-bindgen-macro-support",
]

[[package]]
name = "wasm-bindgen-macro-support"
version = "0.2.87"
source = "registry+https://github.com/rust-lang/crates.io-index"
checksum = "54681b18a46765f095758388f2d0cf16eb8d4169b639ab575a8f5693af210c7b"
dependencies = [
 "proc-macro2",
 "quote",
 "syn 2.0.23",
 "wasm-bindgen-backend",
 "wasm-bindgen-shared",
]

[[package]]
name = "wasm-bindgen-shared"
version = "0.2.87"
source = "registry+https://github.com/rust-lang/crates.io-index"
checksum = "ca6ad05a4870b2bf5fe995117d3728437bd27d7cd5f06f13c17443ef369775a1"

[[package]]
name = "wasm-bindgen-test"
version = "0.3.28"
source = "registry+https://github.com/rust-lang/crates.io-index"
checksum = "96f1aa7971fdf61ef0f353602102dbea75a56e225ed036c1e3740564b91e6b7e"
dependencies = [
 "console_error_panic_hook",
 "js-sys",
 "scoped-tls",
 "wasm-bindgen",
 "wasm-bindgen-futures",
 "wasm-bindgen-test-macro",
]

[[package]]
name = "wasm-bindgen-test-macro"
version = "0.3.28"
source = "registry+https://github.com/rust-lang/crates.io-index"
checksum = "6006f79628dfeb96a86d4db51fbf1344cd7fd8408f06fc9aa3c84913a4789688"
dependencies = [
 "proc-macro2",
 "quote",
]

[[package]]
name = "web-sys"
version = "0.3.55"
source = "registry+https://github.com/rust-lang/crates.io-index"
checksum = "38eb105f1c59d9eaa6b5cdc92b859d85b926e82cb2e0945cd0c9259faa6fe9fb"
dependencies = [
 "js-sys",
 "wasm-bindgen",
]
